// !$*UTF8*$!
{
	archiveVersion = 1;
	classes = {
	};
	objectVersion = 56;
	objects = {

/* Begin PBXBuildFile section */
		4022100528D8DC3600C085CE /* TimelineCharts.swift in Sources */ = {isa = PBXBuildFile; fileRef = 4022100428D8DC3600C085CE /* TimelineCharts.swift */; };
		4022100828D8DD8400C085CE /* DateHelper.swift in Sources */ = {isa = PBXBuildFile; fileRef = 4022100728D8DD8400C085CE /* DateHelper.swift */; };
		4022100A28D8DDDC00C085CE /* ArrayHelper.swift in Sources */ = {isa = PBXBuildFile; fileRef = 4022100928D8DDDC00C085CE /* ArrayHelper.swift */; };
		404991DE28B6FA920051C7C2 /* ChartsView.swift in Sources */ = {isa = PBXBuildFile; fileRef = 404991DD28B6FA920051C7C2 /* ChartsView.swift */; };
		4079653D28614FFB00D7141C /* WaveButton.swift in Sources */ = {isa = PBXBuildFile; fileRef = 4079653C28614FFB00D7141C /* WaveButton.swift */; };
		40B1ACBE28B5A9B5003CE77A /* ToDoService.swift in Sources */ = {isa = PBXBuildFile; fileRef = 40B1ACBD28B5A9B5003CE77A /* ToDoService.swift */; };
		40B1ACC128B5A9E4003CE77A /* ToDoView.swift in Sources */ = {isa = PBXBuildFile; fileRef = 40B1ACC028B5A9E4003CE77A /* ToDoView.swift */; };
		40B1ACC428B5AD17003CE77A /* ToDoList.swift in Sources */ = {isa = PBXBuildFile; fileRef = 40B1ACC328B5AD17003CE77A /* ToDoList.swift */; };
		40B1ACC628B5AD26003CE77A /* ToDoListViewModel.swift in Sources */ = {isa = PBXBuildFile; fileRef = 40B1ACC528B5AD26003CE77A /* ToDoListViewModel.swift */; };
		40D1D26D28614BAA00EB772F /* WWDC22App.swift in Sources */ = {isa = PBXBuildFile; fileRef = 40D1D26C28614BAA00EB772F /* WWDC22App.swift */; };
		40D1D26F28614BAA00EB772F /* ContentView.swift in Sources */ = {isa = PBXBuildFile; fileRef = 40D1D26E28614BAA00EB772F /* ContentView.swift */; };
		40D1D27128614BAC00EB772F /* Assets.xcassets in Resources */ = {isa = PBXBuildFile; fileRef = 40D1D27028614BAC00EB772F /* Assets.xcassets */; };
		40D1D27528614BAC00EB772F /* Preview Assets.xcassets in Resources */ = {isa = PBXBuildFile; fileRef = 40D1D27428614BAC00EB772F /* Preview Assets.xcassets */; };
/* End PBXBuildFile section */

/* Begin PBXFileReference section */
		4022100428D8DC3600C085CE /* TimelineCharts.swift */ = {isa = PBXFileReference; lastKnownFileType = sourcecode.swift; path = TimelineCharts.swift; sourceTree = "<group>"; };
		4022100728D8DD8400C085CE /* DateHelper.swift */ = {isa = PBXFileReference; lastKnownFileType = sourcecode.swift; path = DateHelper.swift; sourceTree = "<group>"; };
		4022100928D8DDDC00C085CE /* ArrayHelper.swift */ = {isa = PBXFileReference; lastKnownFileType = sourcecode.swift; path = ArrayHelper.swift; sourceTree = "<group>"; };
		404991DD28B6FA920051C7C2 /* ChartsView.swift */ = {isa = PBXFileReference; lastKnownFileType = sourcecode.swift; path = ChartsView.swift; sourceTree = "<group>"; };
		4079653C28614FFB00D7141C /* WaveButton.swift */ = {isa = PBXFileReference; lastKnownFileType = sourcecode.swift; path = WaveButton.swift; sourceTree = "<group>"; };
		40B1ACBD28B5A9B5003CE77A /* ToDoService.swift */ = {isa = PBXFileReference; lastKnownFileType = sourcecode.swift; path = ToDoService.swift; sourceTree = "<group>"; };
		40B1ACC028B5A9E4003CE77A /* ToDoView.swift */ = {isa = PBXFileReference; lastKnownFileType = sourcecode.swift; path = ToDoView.swift; sourceTree = "<group>"; };
		40B1ACC328B5AD17003CE77A /* ToDoList.swift */ = {isa = PBXFileReference; lastKnownFileType = sourcecode.swift; path = ToDoList.swift; sourceTree = "<group>"; };
		40B1ACC528B5AD26003CE77A /* ToDoListViewModel.swift */ = {isa = PBXFileReference; lastKnownFileType = sourcecode.swift; path = ToDoListViewModel.swift; sourceTree = "<group>"; };
		40D1D26928614BAA00EB772F /* WWDC22.app */ = {isa = PBXFileReference; explicitFileType = wrapper.application; includeInIndex = 0; path = WWDC22.app; sourceTree = BUILT_PRODUCTS_DIR; };
		40D1D26C28614BAA00EB772F /* WWDC22App.swift */ = {isa = PBXFileReference; lastKnownFileType = sourcecode.swift; path = WWDC22App.swift; sourceTree = "<group>"; };
		40D1D26E28614BAA00EB772F /* ContentView.swift */ = {isa = PBXFileReference; lastKnownFileType = sourcecode.swift; path = ContentView.swift; sourceTree = "<group>"; };
		40D1D27028614BAC00EB772F /* Assets.xcassets */ = {isa = PBXFileReference; lastKnownFileType = folder.assetcatalog; path = Assets.xcassets; sourceTree = "<group>"; };
		40D1D27228614BAC00EB772F /* WWDC22.entitlements */ = {isa = PBXFileReference; lastKnownFileType = text.plist.entitlements; path = WWDC22.entitlements; sourceTree = "<group>"; };
		40D1D27428614BAC00EB772F /* Preview Assets.xcassets */ = {isa = PBXFileReference; lastKnownFileType = folder.assetcatalog; path = "Preview Assets.xcassets"; sourceTree = "<group>"; };
/* End PBXFileReference section */

/* Begin PBXFrameworksBuildPhase section */
		40D1D26628614BAA00EB772F /* Frameworks */ = {
			isa = PBXFrameworksBuildPhase;
			buildActionMask = 2147483647;
			files = (
			);
			runOnlyForDeploymentPostprocessing = 0;
		};
/* End PBXFrameworksBuildPhase section */

/* Begin PBXGroup section */
		4022100628D8DD7A00C085CE /* HelperMethods */ = {
			isa = PBXGroup;
			children = (
				4022100728D8DD8400C085CE /* DateHelper.swift */,
				4022100928D8DDDC00C085CE /* ArrayHelper.swift */,
			);
			path = HelperMethods;
			sourceTree = "<group>";
		};
		404991DC28B6FA870051C7C2 /* Charts */ = {
			isa = PBXGroup;
			children = (
				404991DD28B6FA920051C7C2 /* ChartsView.swift */,
				4022100428D8DC3600C085CE /* TimelineCharts.swift */,
			);
			path = Charts;
			sourceTree = "<group>";
		};
		4079653B28614FEC00D7141C /* Views */ = {
			isa = PBXGroup;
			children = (
				4079653C28614FFB00D7141C /* WaveButton.swift */,
			);
			path = Views;
			sourceTree = "<group>";
		};
		40B1ACBC28B5A9AE003CE77A /* Services */ = {
			isa = PBXGroup;
			children = (
				40B1ACBD28B5A9B5003CE77A /* ToDoService.swift */,
			);
			path = Services;
			sourceTree = "<group>";
		};
		40B1ACBF28B5A9D8003CE77A /* Scenes */ = {
			isa = PBXGroup;
			children = (
				404991DC28B6FA870051C7C2 /* Charts */,
				40B1ACC228B5AD0C003CE77A /* ToDo */,
			);
			path = Scenes;
			sourceTree = "<group>";
		};
		40B1ACC228B5AD0C003CE77A /* ToDo */ = {
			isa = PBXGroup;
			children = (
				40B1ACC028B5A9E4003CE77A /* ToDoView.swift */,
				40B1ACC328B5AD17003CE77A /* ToDoList.swift */,
				40B1ACC528B5AD26003CE77A /* ToDoListViewModel.swift */,
			);
			path = ToDo;
			sourceTree = "<group>";
		};
		40D1D26028614BAA00EB772F = {
			isa = PBXGroup;
			children = (
				40D1D26B28614BAA00EB772F /* WWDC22 */,
				40D1D26A28614BAA00EB772F /* Products */,
			);
			sourceTree = "<group>";
		};
		40D1D26A28614BAA00EB772F /* Products */ = {
			isa = PBXGroup;
			children = (
				40D1D26928614BAA00EB772F /* WWDC22.app */,
			);
			name = Products;
			sourceTree = "<group>";
		};
		40D1D26B28614BAA00EB772F /* WWDC22 */ = {
			isa = PBXGroup;
			children = (
				4022100628D8DD7A00C085CE /* HelperMethods */,
				40B1ACBF28B5A9D8003CE77A /* Scenes */,
				40B1ACBC28B5A9AE003CE77A /* Services */,
				4079653B28614FEC00D7141C /* Views */,
				40D1D26C28614BAA00EB772F /* WWDC22App.swift */,
				40D1D26E28614BAA00EB772F /* ContentView.swift */,
				40D1D27028614BAC00EB772F /* Assets.xcassets */,
				40D1D27228614BAC00EB772F /* WWDC22.entitlements */,
				40D1D27328614BAC00EB772F /* Preview Content */,
			);
			path = WWDC22;
			sourceTree = "<group>";
		};
		40D1D27328614BAC00EB772F /* Preview Content */ = {
			isa = PBXGroup;
			children = (
				40D1D27428614BAC00EB772F /* Preview Assets.xcassets */,
			);
			path = "Preview Content";
			sourceTree = "<group>";
		};
/* End PBXGroup section */

/* Begin PBXNativeTarget section */
		40D1D26828614BAA00EB772F /* WWDC22 */ = {
			isa = PBXNativeTarget;
			buildConfigurationList = 40D1D27828614BAC00EB772F /* Build configuration list for PBXNativeTarget "WWDC22" */;
			buildPhases = (
				40D1D26528614BAA00EB772F /* Sources */,
				40D1D26628614BAA00EB772F /* Frameworks */,
				40D1D26728614BAA00EB772F /* Resources */,
			);
			buildRules = (
			);
			dependencies = (
			);
			name = WWDC22;
			productName = WWDC22;
			productReference = 40D1D26928614BAA00EB772F /* WWDC22.app */;
			productType = "com.apple.product-type.application";
		};
/* End PBXNativeTarget section */

/* Begin PBXProject section */
		40D1D26128614BAA00EB772F /* Project object */ = {
			isa = PBXProject;
			attributes = {
				BuildIndependentTargetsInParallel = 1;
				LastSwiftUpdateCheck = 1400;
				LastUpgradeCheck = 1400;
				TargetAttributes = {
					40D1D26828614BAA00EB772F = {
						CreatedOnToolsVersion = 14.0;
					};
				};
			};
			buildConfigurationList = 40D1D26428614BAA00EB772F /* Build configuration list for PBXProject "WWDC22" */;
			compatibilityVersion = "Xcode 14.0";
			developmentRegion = en;
			hasScannedForEncodings = 0;
			knownRegions = (
				en,
				Base,
			);
			mainGroup = 40D1D26028614BAA00EB772F;
			productRefGroup = 40D1D26A28614BAA00EB772F /* Products */;
			projectDirPath = "";
			projectRoot = "";
			targets = (
				40D1D26828614BAA00EB772F /* WWDC22 */,
			);
		};
/* End PBXProject section */

/* Begin PBXResourcesBuildPhase section */
		40D1D26728614BAA00EB772F /* Resources */ = {
			isa = PBXResourcesBuildPhase;
			buildActionMask = 2147483647;
			files = (
				40D1D27528614BAC00EB772F /* Preview Assets.xcassets in Resources */,
				40D1D27128614BAC00EB772F /* Assets.xcassets in Resources */,
			);
			runOnlyForDeploymentPostprocessing = 0;
		};
/* End PBXResourcesBuildPhase section */

/* Begin PBXSourcesBuildPhase section */
		40D1D26528614BAA00EB772F /* Sources */ = {
			isa = PBXSourcesBuildPhase;
			buildActionMask = 2147483647;
			files = (
				4022100528D8DC3600C085CE /* TimelineCharts.swift in Sources */,
				40B1ACC628B5AD26003CE77A /* ToDoListViewModel.swift in Sources */,
				40D1D26F28614BAA00EB772F /* ContentView.swift in Sources */,
				40B1ACC428B5AD17003CE77A /* ToDoList.swift in Sources */,
				4022100A28D8DDDC00C085CE /* ArrayHelper.swift in Sources */,
				404991DE28B6FA920051C7C2 /* ChartsView.swift in Sources */,
				4022100828D8DD8400C085CE /* DateHelper.swift in Sources */,
				4079653D28614FFB00D7141C /* WaveButton.swift in Sources */,
				40D1D26D28614BAA00EB772F /* WWDC22App.swift in Sources */,
				40B1ACBE28B5A9B5003CE77A /* ToDoService.swift in Sources */,
				40B1ACC128B5A9E4003CE77A /* ToDoView.swift in Sources */,
			);
			runOnlyForDeploymentPostprocessing = 0;
		};
/* End PBXSourcesBuildPhase section */

/* Begin XCBuildConfiguration section */
		40D1D27628614BAC00EB772F /* Debug */ = {
			isa = XCBuildConfiguration;
			buildSettings = {
				ALWAYS_SEARCH_USER_PATHS = NO;
				CLANG_ANALYZER_NONNULL = YES;
				CLANG_ANALYZER_NUMBER_OBJECT_CONVERSION = YES_AGGRESSIVE;
				CLANG_CXX_LANGUAGE_STANDARD = "gnu++17";
				CLANG_ENABLE_MODULES = YES;
				CLANG_ENABLE_OBJC_ARC = YES;
				CLANG_ENABLE_OBJC_WEAK = YES;
				CLANG_WARN_BLOCK_CAPTURE_AUTORELEASING = YES;
				CLANG_WARN_BOOL_CONVERSION = YES;
				CLANG_WARN_COMMA = YES;
				CLANG_WARN_CONSTANT_CONVERSION = YES;
				CLANG_WARN_DEPRECATED_OBJC_IMPLEMENTATIONS = YES;
				CLANG_WARN_DIRECT_OBJC_ISA_USAGE = YES_ERROR;
				CLANG_WARN_DOCUMENTATION_COMMENTS = YES;
				CLANG_WARN_EMPTY_BODY = YES;
				CLANG_WARN_ENUM_CONVERSION = YES;
				CLANG_WARN_INFINITE_RECURSION = YES;
				CLANG_WARN_INT_CONVERSION = YES;
				CLANG_WARN_NON_LITERAL_NULL_CONVERSION = YES;
				CLANG_WARN_OBJC_IMPLICIT_RETAIN_SELF = YES;
				CLANG_WARN_OBJC_LITERAL_CONVERSION = YES;
				CLANG_WARN_OBJC_ROOT_CLASS = YES_ERROR;
				CLANG_WARN_QUOTED_INCLUDE_IN_FRAMEWORK_HEADER = YES;
				CLANG_WARN_RANGE_LOOP_ANALYSIS = YES;
				CLANG_WARN_STRICT_PROTOTYPES = YES;
				CLANG_WARN_SUSPICIOUS_MOVE = YES;
				CLANG_WARN_UNGUARDED_AVAILABILITY = YES_AGGRESSIVE;
				CLANG_WARN_UNREACHABLE_CODE = YES;
				CLANG_WARN__DUPLICATE_METHOD_MATCH = YES;
				COPY_PHASE_STRIP = NO;
				DEBUG_INFORMATION_FORMAT = dwarf;
				ENABLE_STRICT_OBJC_MSGSEND = YES;
				ENABLE_TESTABILITY = YES;
				GCC_C_LANGUAGE_STANDARD = gnu11;
				GCC_DYNAMIC_NO_PIC = NO;
				GCC_NO_COMMON_BLOCKS = YES;
				GCC_OPTIMIZATION_LEVEL = 0;
				GCC_PREPROCESSOR_DEFINITIONS = (
					"DEBUG=1",
					"$(inherited)",
				);
				GCC_WARN_64_TO_32_BIT_CONVERSION = YES;
				GCC_WARN_ABOUT_RETURN_TYPE = YES_ERROR;
				GCC_WARN_UNDECLARED_SELECTOR = YES;
				GCC_WARN_UNINITIALIZED_AUTOS = YES_AGGRESSIVE;
				GCC_WARN_UNUSED_FUNCTION = YES;
				GCC_WARN_UNUSED_VARIABLE = YES;
				MTL_ENABLE_DEBUG_INFO = INCLUDE_SOURCE;
				MTL_FAST_MATH = YES;
				ONLY_ACTIVE_ARCH = YES;
				SWIFT_ACTIVE_COMPILATION_CONDITIONS = DEBUG;
				SWIFT_OPTIMIZATION_LEVEL = "-Onone";
			};
			name = Debug;
		};
		40D1D27728614BAC00EB772F /* Release */ = {
			isa = XCBuildConfiguration;
			buildSettings = {
				ALWAYS_SEARCH_USER_PATHS = NO;
				CLANG_ANALYZER_NONNULL = YES;
				CLANG_ANALYZER_NUMBER_OBJECT_CONVERSION = YES_AGGRESSIVE;
				CLANG_CXX_LANGUAGE_STANDARD = "gnu++17";
				CLANG_ENABLE_MODULES = YES;
				CLANG_ENABLE_OBJC_ARC = YES;
				CLANG_ENABLE_OBJC_WEAK = YES;
				CLANG_WARN_BLOCK_CAPTURE_AUTORELEASING = YES;
				CLANG_WARN_BOOL_CONVERSION = YES;
				CLANG_WARN_COMMA = YES;
				CLANG_WARN_CONSTANT_CONVERSION = YES;
				CLANG_WARN_DEPRECATED_OBJC_IMPLEMENTATIONS = YES;
				CLANG_WARN_DIRECT_OBJC_ISA_USAGE = YES_ERROR;
				CLANG_WARN_DOCUMENTATION_COMMENTS = YES;
				CLANG_WARN_EMPTY_BODY = YES;
				CLANG_WARN_ENUM_CONVERSION = YES;
				CLANG_WARN_INFINITE_RECURSION = YES;
				CLANG_WARN_INT_CONVERSION = YES;
				CLANG_WARN_NON_LITERAL_NULL_CONVERSION = YES;
				CLANG_WARN_OBJC_IMPLICIT_RETAIN_SELF = YES;
				CLANG_WARN_OBJC_LITERAL_CONVERSION = YES;
				CLANG_WARN_OBJC_ROOT_CLASS = YES_ERROR;
				CLANG_WARN_QUOTED_INCLUDE_IN_FRAMEWORK_HEADER = YES;
				CLANG_WARN_RANGE_LOOP_ANALYSIS = YES;
				CLANG_WARN_STRICT_PROTOTYPES = YES;
				CLANG_WARN_SUSPICIOUS_MOVE = YES;
				CLANG_WARN_UNGUARDED_AVAILABILITY = YES_AGGRESSIVE;
				CLANG_WARN_UNREACHABLE_CODE = YES;
				CLANG_WARN__DUPLICATE_METHOD_MATCH = YES;
				COPY_PHASE_STRIP = NO;
				DEBUG_INFORMATION_FORMAT = "dwarf-with-dsym";
				ENABLE_NS_ASSERTIONS = NO;
				ENABLE_STRICT_OBJC_MSGSEND = YES;
				GCC_C_LANGUAGE_STANDARD = gnu11;
				GCC_NO_COMMON_BLOCKS = YES;
				GCC_WARN_64_TO_32_BIT_CONVERSION = YES;
				GCC_WARN_ABOUT_RETURN_TYPE = YES_ERROR;
				GCC_WARN_UNDECLARED_SELECTOR = YES;
				GCC_WARN_UNINITIALIZED_AUTOS = YES_AGGRESSIVE;
				GCC_WARN_UNUSED_FUNCTION = YES;
				GCC_WARN_UNUSED_VARIABLE = YES;
				MTL_ENABLE_DEBUG_INFO = NO;
				MTL_FAST_MATH = YES;
				SWIFT_COMPILATION_MODE = wholemodule;
				SWIFT_OPTIMIZATION_LEVEL = "-O";
			};
			name = Release;
		};
		40D1D27928614BAC00EB772F /* Debug */ = {
			isa = XCBuildConfiguration;
			buildSettings = {
				ASSETCATALOG_COMPILER_APPICON_NAME = AppIcon;
				ASSETCATALOG_COMPILER_GLOBAL_ACCENT_COLOR_NAME = AccentColor;
				CODE_SIGN_ENTITLEMENTS = WWDC22/WWDC22.entitlements;
				CODE_SIGN_STYLE = Automatic;
				CURRENT_PROJECT_VERSION = 1;
				DEVELOPMENT_ASSET_PATHS = "\"WWDC22/Preview Content\"";
				ENABLE_PREVIEWS = YES;
				GENERATE_INFOPLIST_FILE = YES;
				"INFOPLIST_KEY_UILaunchScreen_Generation[sdk=iphoneos*]" = YES;
				"INFOPLIST_KEY_UILaunchScreen_Generation[sdk=iphonesimulator*]" = YES;
				INFOPLIST_KEY_UISupportedInterfaceOrientations_iPad = "UIInterfaceOrientationPortrait UIInterfaceOrientationPortraitUpsideDown UIInterfaceOrientationLandscapeLeft UIInterfaceOrientationLandscapeRight";
				INFOPLIST_KEY_UISupportedInterfaceOrientations_iPhone = "UIInterfaceOrientationPortrait UIInterfaceOrientationLandscapeLeft UIInterfaceOrientationLandscapeRight";
				IPHONEOS_DEPLOYMENT_TARGET = 16.0;
				LD_RUNPATH_SEARCH_PATHS = "@executable_path/Frameworks";
				"LD_RUNPATH_SEARCH_PATHS[sdk=macosx*]" = "@executable_path/../Frameworks";
				MACOSX_DEPLOYMENT_TARGET = 12.4;
				MARKETING_VERSION = 1.0;
				PRODUCT_BUNDLE_IDENTIFIER = com.CodingWithTom.WWDC22;
				PRODUCT_NAME = "$(TARGET_NAME)";
				SDKROOT = auto;
				SUPPORTED_PLATFORMS = "iphoneos iphonesimulator macosx";
				SWIFT_EMIT_LOC_STRINGS = YES;
				SWIFT_VERSION = 5.0;
				TARGETED_DEVICE_FAMILY = "1,2";
			};
			name = Debug;
		};
		40D1D27A28614BAC00EB772F /* Release */ = {
			isa = XCBuildConfiguration;
			buildSettings = {
				ASSETCATALOG_COMPILER_APPICON_NAME = AppIcon;
				ASSETCATALOG_COMPILER_GLOBAL_ACCENT_COLOR_NAME = AccentColor;
				CODE_SIGN_ENTITLEMENTS = WWDC22/WWDC22.entitlements;
				CODE_SIGN_STYLE = Automatic;
				CURRENT_PROJECT_VERSION = 1;
				DEVELOPMENT_ASSET_PATHS = "\"WWDC22/Preview Content\"";
				ENABLE_PREVIEWS = YES;
				GENERATE_INFOPLIST_FILE = YES;
				"INFOPLIST_KEY_UILaunchScreen_Generation[sdk=iphoneos*]" = YES;
				"INFOPLIST_KEY_UILaunchScreen_Generation[sdk=iphonesimulator*]" = YES;
				INFOPLIST_KEY_UISupportedInterfaceOrientations_iPad = "UIInterfaceOrientationPortrait UIInterfaceOrientationPortraitUpsideDown UIInterfaceOrientationLandscapeLeft UIInterfaceOrientationLandscapeRight";
				INFOPLIST_KEY_UISupportedInterfaceOrientations_iPhone = "UIInterfaceOrientationPortrait UIInterfaceOrientationLandscapeLeft UIInterfaceOrientationLandscapeRight";
				IPHONEOS_DEPLOYMENT_TARGET = 16.0;
				LD_RUNPATH_SEARCH_PATHS = "@executable_path/Frameworks";
				"LD_RUNPATH_SEARCH_PATHS[sdk=macosx*]" = "@executable_path/../Frameworks";
				MACOSX_DEPLOYMENT_TARGET = 12.4;
				MARKETING_VERSION = 1.0;
				PRODUCT_BUNDLE_IDENTIFIER = com.CodingWithTom.WWDC22;
				PRODUCT_NAME = "$(TARGET_NAME)";
				SDKROOT = auto;
				SUPPORTED_PLATFORMS = "iphoneos iphonesimulator macosx";
				SWIFT_EMIT_LOC_STRINGS = YES;
				SWIFT_VERSION = 5.0;
				TARGETED_DEVICE_FAMILY = "1,2";
			};
			name = Release;
		};
/* End XCBuildConfiguration section */

/* Begin XCConfigurationList section */
		40D1D26428614BAA00EB772F /* Build configuration list for PBXProject "WWDC22" */ = {
			isa = XCConfigurationList;
			buildConfigurations = (
				40D1D27628614BAC00EB772F /* Debug */,
				40D1D27728614BAC00EB772F /* Release */,
			);
			defaultConfigurationIsVisible = 0;
			defaultConfigurationName = Release;
		};
		40D1D27828614BAC00EB772F /* Build configuration list for PBXNativeTarget "WWDC22" */ = {
			isa = XCConfigurationList;
			buildConfigurations = (
				40D1D27928614BAC00EB772F /* Debug */,
				40D1D27A28614BAC00EB772F /* Release */,
			);
			defaultConfigurationIsVisible = 0;
			defaultConfigurationName = Release;
		};
/* End XCConfigurationList section */
	};
	rootObject = 40D1D26128614BAA00EB772F /* Project object */;
}
